Microsoft Visual Studio Solution File, Format Version 12.00
# Visual Studio Version 17
VisualStudioVersion = 17.5.2.0
MinimumVisualStudioVersion = 10.0.40219.1
Project("{FAE04EC0-301F-11D3-BF4B-00C04F79EFBC}") = "kulup", "kulup\kulup.csproj", "{F5C14485-841B-51FB-382C-63DF3F8B0E1E}"
EndProject
Global
	GlobalSection(SolutionConfigurationPlatforms) = preSolution
		Debug|Any CPU = Debug|Any CPU
		Release|Any CPU = Release|Any CPU
	EndGlobalSection
	GlobalSection(ProjectConfigurationPlatforms) = postSolution
		{F5C14485-841B-51FB-382C-63DF3F8B0E1E}.Debug|Any CPU.ActiveCfg = Debug|Any CPU
		{F5C14485-841B-51FB-382C-63DF3F8B0E1E}.Debug|Any CPU.Build.0 = Debug|Any CPU
		{F5C14485-841B-51FB-382C-63DF3F8B0E1E}.Release|Any CPU.ActiveCfg = Release|Any CPU
		{F5C14485-841B-51FB-382C-63DF3F8B0E1E}.Release|Any CPU.Build.0 = Release|Any CPU
	EndGlobalSection
	GlobalSection(SolutionProperties) = preSolution
		HideSolutionNode = FALSE
	EndGlobalSection
	GlobalSection(ExtensibilityGlobals) = postSolution
		SolutionGuid = {C4ACC0A0-9A25-40BB-B0A5-F99590C1144E}
	EndGlobalSection
EndGlobal
